
Microsoft Visual Studio Solution File, Format Version 12.00
Project("{FAE04EC0-301F-11D3-BF4B-00C04F79EFBC}") = "BuildSystem", "BuildSystem\BuildSystem.csproj", "{66D82E51-5FAA-48A7-BED4-B18554BCF629}"
EndProject
Project("{FAE04EC0-301F-11D3-BF4B-00C04F79EFBC}") = "InvestmentReporting.Shared", "InvestmentReporting.Shared\InvestmentReporting.Shared.csproj", "{8F2F3712-C903-4674-943D-5A888229B1FE}"
EndProject
Project("{FAE04EC0-301F-11D3-BF4B-00C04F79EFBC}") = "InvestmentReporting.AuthService", "InvestmentReporting.AuthService\InvestmentReporting.AuthService.csproj", "{AEFB1512-F8F2-4A62-9F08-7EA83F0C9DB9}"
EndProject
Project("{FAE04EC0-301F-11D3-BF4B-00C04F79EFBC}") = "InvestmentReporting.InviteService", "InvestmentReporting.InviteService\InvestmentReporting.InviteService.csproj", "{F7E51317-9446-4EB3-915F-005F1579860D}"
EndProject
Project("{FAE04EC0-301F-11D3-BF4B-00C04F79EFBC}") = "InvestmentReporting.State", "InvestmentReporting.State\InvestmentReporting.State.csproj", "{AEC9F856-A8A8-45FF-AC2E-1B474790807D}"
EndProject
Project("{FAE04EC0-301F-11D3-BF4B-00C04F79EFBC}") = "InvestmentReporting.UnitTests", "InvestmentReporting.UnitTests\InvestmentReporting.UnitTests.csproj", "{C968B29F-DEE4-4004-9750-8387F6C16614}"
EndProject
Project("{FAE04EC0-301F-11D3-BF4B-00C04F79EFBC}") = "InvestmentReporting.Data.Core", "InvestmentReporting.Data.Core\InvestmentReporting.Data.Core.csproj", "{2CB6B6B4-AD5C-449C-8E74-16D1FC49FA86}"
EndProject
Project("{FAE04EC0-301F-11D3-BF4B-00C04F79EFBC}") = "InvestmentReporting.Data.Mongo", "InvestmentReporting.Data.Mongo\InvestmentReporting.Data.Mongo.csproj", "{CB323D76-CF71-43E7-9C19-2460645F991A}"
EndProject
Project("{FAE04EC0-301F-11D3-BF4B-00C04F79EFBC}") = "InvestmentReporting.Data.InMemory", "InvestmentReporting.Data.InMemory\InvestmentReporting.Data.InMemory.csproj", "{647E1F3D-AC84-4901-83F8-B14CC31579DD}"
EndProject
Project("{FAE04EC0-301F-11D3-BF4B-00C04F79EFBC}") = "InvestmentReporting.StateService", "InvestmentReporting.StateService\InvestmentReporting.StateService.csproj", "{60CC1D90-8177-44FE-8311-4C5F942BA726}"
EndProject
Project("{FAE04EC0-301F-11D3-BF4B-00C04F79EFBC}") = "InvestmentReporting.ImportService", "InvestmentReporting.ImportService\InvestmentReporting.ImportService.csproj", "{5B0AC6A5-8CF7-4AB8-A2D6-67B97D18C825}"
EndProject
Project("{FAE04EC0-301F-11D3-BF4B-00C04F79EFBC}") = "InvestmentReporting.Import", "InvestmentReporting.Import\InvestmentReporting.Import.csproj", "{33AF95E0-3157-4673-A811-9A235DFDA622}"
EndProject
Project("{FAE04EC0-301F-11D3-BF4B-00C04F79EFBC}") = "InvestmentReporting.MarketService", "InvestmentReporting.MarketService\InvestmentReporting.MarketService.csproj", "{3D1C723A-3556-4D52-BB33-9335F984534C}"
EndProject
Project("{FAE04EC0-301F-11D3-BF4B-00C04F79EFBC}") = "InvestmentReporting.Market", "InvestmentReporting.Market\InvestmentReporting.Market.csproj", "{8480C2A9-AFE5-4021-BEFA-632B7D9792FB}"
EndProject
Project("{FAE04EC0-301F-11D3-BF4B-00C04F79EFBC}") = "InvestmentReporting.Meta", "InvestmentReporting.Meta\InvestmentReporting.Meta.csproj", "{58789AB2-6BAB-4959-B8C1-0D8012464763}"
EndProject
Project("{FAE04EC0-301F-11D3-BF4B-00C04F79EFBC}") = "InvestmentReporting.MetaService", "InvestmentReporting.MetaService\InvestmentReporting.MetaService.csproj", "{B851C41E-49F3-417A-9519-4128AED0A570}"
EndProject
Project("{FAE04EC0-301F-11D3-BF4B-00C04F79EFBC}") = "InvestmentReporting.Import.AlphaDirect", "InvestmentReporting.Import.AlphaDirect\InvestmentReporting.Import.AlphaDirect.csproj", "{AB63C42C-32DF-419F-B511-59B3BB74E5C8}"
EndProject
Project("{FAE04EC0-301F-11D3-BF4B-00C04F79EFBC}") = "InvestmentReporting.Import.Tinkoff", "InvestmentReporting.Import.Tinkoff\InvestmentReporting.Import.Tinkoff.csproj", "{87D2610E-00ED-4580-97C1-1C76FE638913}"
EndProject
Global
	GlobalSection(SolutionConfigurationPlatforms) = preSolution
		Debug|Any CPU = Debug|Any CPU
		Release|Any CPU = Release|Any CPU
	EndGlobalSection
	GlobalSection(ProjectConfigurationPlatforms) = postSolution
		{66D82E51-5FAA-48A7-BED4-B18554BCF629}.Debug|Any CPU.ActiveCfg = Debug|Any CPU
		{66D82E51-5FAA-48A7-BED4-B18554BCF629}.Debug|Any CPU.Build.0 = Debug|Any CPU
		{66D82E51-5FAA-48A7-BED4-B18554BCF629}.Release|Any CPU.ActiveCfg = Release|Any CPU
		{66D82E51-5FAA-48A7-BED4-B18554BCF629}.Release|Any CPU.Build.0 = Release|Any CPU
		{8F2F3712-C903-4674-943D-5A888229B1FE}.Debug|Any CPU.ActiveCfg = Debug|Any CPU
		{8F2F3712-C903-4674-943D-5A888229B1FE}.Debug|Any CPU.Build.0 = Debug|Any CPU
		{8F2F3712-C903-4674-943D-5A888229B1FE}.Release|Any CPU.ActiveCfg = Release|Any CPU
		{8F2F3712-C903-4674-943D-5A888229B1FE}.Release|Any CPU.Build.0 = Release|Any CPU
		{AEFB1512-F8F2-4A62-9F08-7EA83F0C9DB9}.Debug|Any CPU.ActiveCfg = Debug|Any CPU
		{AEFB1512-F8F2-4A62-9F08-7EA83F0C9DB9}.Debug|Any CPU.Build.0 = Debug|Any CPU
		{AEFB1512-F8F2-4A62-9F08-7EA83F0C9DB9}.Release|Any CPU.ActiveCfg = Release|Any CPU
		{AEFB1512-F8F2-4A62-9F08-7EA83F0C9DB9}.Release|Any CPU.Build.0 = Release|Any CPU
		{F7E51317-9446-4EB3-915F-005F1579860D}.Debug|Any CPU.ActiveCfg = Debug|Any CPU
		{F7E51317-9446-4EB3-915F-005F1579860D}.Debug|Any CPU.Build.0 = Debug|Any CPU
		{F7E51317-9446-4EB3-915F-005F1579860D}.Release|Any CPU.ActiveCfg = Release|Any CPU
		{F7E51317-9446-4EB3-915F-005F1579860D}.Release|Any CPU.Build.0 = Release|Any CPU
		{AEC9F856-A8A8-45FF-AC2E-1B474790807D}.Debug|Any CPU.ActiveCfg = Debug|Any CPU
		{AEC9F856-A8A8-45FF-AC2E-1B474790807D}.Debug|Any CPU.Build.0 = Debug|Any CPU
		{AEC9F856-A8A8-45FF-AC2E-1B474790807D}.Release|Any CPU.ActiveCfg = Release|Any CPU
		{AEC9F856-A8A8-45FF-AC2E-1B474790807D}.Release|Any CPU.Build.0 = Release|Any CPU
		{C968B29F-DEE4-4004-9750-8387F6C16614}.Debug|Any CPU.ActiveCfg = Debug|Any CPU
		{C968B29F-DEE4-4004-9750-8387F6C16614}.Debug|Any CPU.Build.0 = Debug|Any CPU
		{C968B29F-DEE4-4004-9750-8387F6C16614}.Release|Any CPU.ActiveCfg = Release|Any CPU
		{C968B29F-DEE4-4004-9750-8387F6C16614}.Release|Any CPU.Build.0 = Release|Any CPU
		{2CB6B6B4-AD5C-449C-8E74-16D1FC49FA86}.Debug|Any CPU.ActiveCfg = Debug|Any CPU
		{2CB6B6B4-AD5C-449C-8E74-16D1FC49FA86}.Debug|Any CPU.Build.0 = Debug|Any CPU
		{2CB6B6B4-AD5C-449C-8E74-16D1FC49FA86}.Release|Any CPU.ActiveCfg = Release|Any CPU
		{2CB6B6B4-AD5C-449C-8E74-16D1FC49FA86}.Release|Any CPU.Build.0 = Release|Any CPU
		{CB323D76-CF71-43E7-9C19-2460645F991A}.Debug|Any CPU.ActiveCfg = Debug|Any CPU
		{CB323D76-CF71-43E7-9C19-2460645F991A}.Debug|Any CPU.Build.0 = Debug|Any CPU
		{CB323D76-CF71-43E7-9C19-2460645F991A}.Release|Any CPU.ActiveCfg = Release|Any CPU
		{CB323D76-CF71-43E7-9C19-2460645F991A}.Release|Any CPU.Build.0 = Release|Any CPU
		{647E1F3D-AC84-4901-83F8-B14CC31579DD}.Debug|Any CPU.ActiveCfg = Debug|Any CPU
		{647E1F3D-AC84-4901-83F8-B14CC31579DD}.Debug|Any CPU.Build.0 = Debug|Any CPU
		{647E1F3D-AC84-4901-83F8-B14CC31579DD}.Release|Any CPU.ActiveCfg = Release|Any CPU
		{647E1F3D-AC84-4901-83F8-B14CC31579DD}.Release|Any CPU.Build.0 = Release|Any CPU
		{60CC1D90-8177-44FE-8311-4C5F942BA726}.Debug|Any CPU.ActiveCfg = Debug|Any CPU
		{60CC1D90-8177-44FE-8311-4C5F942BA726}.Debug|Any CPU.Build.0 = Debug|Any CPU
		{60CC1D90-8177-44FE-8311-4C5F942BA726}.Release|Any CPU.ActiveCfg = Release|Any CPU
		{60CC1D90-8177-44FE-8311-4C5F942BA726}.Release|Any CPU.Build.0 = Release|Any CPU
		{5B0AC6A5-8CF7-4AB8-A2D6-67B97D18C825}.Debug|Any CPU.ActiveCfg = Debug|Any CPU
		{5B0AC6A5-8CF7-4AB8-A2D6-67B97D18C825}.Debug|Any CPU.Build.0 = Debug|Any CPU
		{5B0AC6A5-8CF7-4AB8-A2D6-67B97D18C825}.Release|Any CPU.ActiveCfg = Release|Any CPU
		{5B0AC6A5-8CF7-4AB8-A2D6-67B97D18C825}.Release|Any CPU.Build.0 = Release|Any CPU
		{33AF95E0-3157-4673-A811-9A235DFDA622}.Debug|Any CPU.ActiveCfg = Debug|Any CPU
		{33AF95E0-3157-4673-A811-9A235DFDA622}.Debug|Any CPU.Build.0 = Debug|Any CPU
		{33AF95E0-3157-4673-A811-9A235DFDA622}.Release|Any CPU.ActiveCfg = Release|Any CPU
		{33AF95E0-3157-4673-A811-9A235DFDA622}.Release|Any CPU.Build.0 = Release|Any CPU
		{3D1C723A-3556-4D52-BB33-9335F984534C}.Debug|Any CPU.ActiveCfg = Debug|Any CPU
		{3D1C723A-3556-4D52-BB33-9335F984534C}.Debug|Any CPU.Build.0 = Debug|Any CPU
		{3D1C723A-3556-4D52-BB33-9335F984534C}.Release|Any CPU.ActiveCfg = Release|Any CPU
		{3D1C723A-3556-4D52-BB33-9335F984534C}.Release|Any CPU.Build.0 = Release|Any CPU
		{8480C2A9-AFE5-4021-BEFA-632B7D9792FB}.Debug|Any CPU.ActiveCfg = Debug|Any CPU
		{8480C2A9-AFE5-4021-BEFA-632B7D9792FB}.Debug|Any CPU.Build.0 = Debug|Any CPU
		{8480C2A9-AFE5-4021-BEFA-632B7D9792FB}.Release|Any CPU.ActiveCfg = Release|Any CPU
		{8480C2A9-AFE5-4021-BEFA-632B7D9792FB}.Release|Any CPU.Build.0 = Release|Any CPU
		{58789AB2-6BAB-4959-B8C1-0D8012464763}.Debug|Any CPU.ActiveCfg = Debug|Any CPU
		{58789AB2-6BAB-4959-B8C1-0D8012464763}.Debug|Any CPU.Build.0 = Debug|Any CPU
		{58789AB2-6BAB-4959-B8C1-0D8012464763}.Release|Any CPU.ActiveCfg = Release|Any CPU
		{58789AB2-6BAB-4959-B8C1-0D8012464763}.Release|Any CPU.Build.0 = Release|Any CPU
		{B851C41E-49F3-417A-9519-4128AED0A570}.Debug|Any CPU.ActiveCfg = Debug|Any CPU
		{B851C41E-49F3-417A-9519-4128AED0A570}.Debug|Any CPU.Build.0 = Debug|Any CPU
		{B851C41E-49F3-417A-9519-4128AED0A570}.Release|Any CPU.ActiveCfg = Release|Any CPU
		{B851C41E-49F3-417A-9519-4128AED0A570}.Release|Any CPU.Build.0 = Release|Any CPU
		{AB63C42C-32DF-419F-B511-59B3BB74E5C8}.Debug|Any CPU.ActiveCfg = Debug|Any CPU
		{AB63C42C-32DF-419F-B511-59B3BB74E5C8}.Debug|Any CPU.Build.0 = Debug|Any CPU
		{AB63C42C-32DF-419F-B511-59B3BB74E5C8}.Release|Any CPU.ActiveCfg = Release|Any CPU
		{AB63C42C-32DF-419F-B511-59B3BB74E5C8}.Release|Any CPU.Build.0 = Release|Any CPU
		{87D2610E-00ED-4580-97C1-1C76FE638913}.Debug|Any CPU.ActiveCfg = Debug|Any CPU
		{87D2610E-00ED-4580-97C1-1C76FE638913}.Debug|Any CPU.Build.0 = Debug|Any CPU
		{87D2610E-00ED-4580-97C1-1C76FE638913}.Release|Any CPU.ActiveCfg = Release|Any CPU
		{87D2610E-00ED-4580-97C1-1C76FE638913}.Release|Any CPU.Build.0 = Release|Any CPU
	EndGlobalSection
EndGlobal
